PODS:
  - JvSpeechRecognizer (1.0.0)

DEPENDENCIES:
  - JvSpeechRecognizer (from `../`)

EXTERNAL SOURCES:
  JvSpeechRecognizer:
    :path: ../

SPEC CHECKSUMS:
  JvSpeechRecognizer: 7baed815011017d51b28e5c464c0f06dde549b4e

PODFILE CHECKSUM: efa1752303fc57edfd17c2f25d82d3ac87f76c5f

COCOAPODS: 1.2.0
